
Microsoft Visual Studio Solution File, Format Version 12.00
# Visual Studio 2013
VisualStudioVersion = 12.0.40629.0
MinimumVisualStudioVersion = 10.0.40219.1
Project("{FAE04EC0-301F-11D3-BF4B-00C04F79EFBC}") = "Lab1_Var1", "Lab1_Var1\Lab1_Var1.csproj", "{FA3407D7-B214-46FE-83E1-2A708ED9E220}"
EndProject
Project("{FAE04EC0-301F-11D3-BF4B-00C04F79EFBC}") = "Test_Lab1_Var1", "Test_Lab1_Var1\Test_Lab1_Var1.csproj", "{64DDB8CF-73FF-4C09-9472-D8DFB638888E}"
EndProject
Global
	GlobalSection(SolutionConfigurationPlatforms) = preSolution
		Debug|Any CPU = Debug|Any CPU
		Release|Any CPU = Release|Any CPU
	EndGlobalSection
	GlobalSection(ProjectConfigurationPlatforms) = postSolution
		{FA3407D7-B214-46FE-83E1-2A708ED9E220}.Debug|Any CPU.ActiveCfg = Debug|Any CPU
		{FA3407D7-B214-46FE-83E1-2A708ED9E220}.Debug|Any CPU.Build.0 = Debug|Any CPU
		{FA3407D7-B214-46FE-83E1-2A708ED9E220}.Release|Any CPU.ActiveCfg = Release|Any CPU
		{FA3407D7-B214-46FE-83E1-2A708ED9E220}.Release|Any CPU.Build.0 = Release|Any CPU
		{64DDB8CF-73FF-4C09-9472-D8DFB638888E}.Debug|Any CPU.ActiveCfg = Debug|Any CPU
		{64DDB8CF-73FF-4C09-9472-D8DFB638888E}.Debug|Any CPU.Build.0 = Debug|Any CPU
		{64DDB8CF-73FF-4C09-9472-D8DFB638888E}.Release|Any CPU.ActiveCfg = Release|Any CPU
		{64DDB8CF-73FF-4C09-9472-D8DFB638888E}.Release|Any CPU.Build.0 = Release|Any CPU
	EndGlobalSection
	GlobalSection(SolutionProperties) = preSolution
		HideSolutionNode = FALSE
	EndGlobalSection
EndGlobal
